// !$*UTF8*$!
{
	archiveVersion = 1;
	classes = {
	};
	objectVersion = 50;
	objects = {

/* Begin PBXBuildFile section */
		AD80400525FC97DC004EAD31 /* AppDelegate.swift in Sources */ = {isa = PBXBuildFile; fileRef = AD80400425FC97DC004EAD31 /* AppDelegate.swift */; };
		AD80400725FC97DC004EAD31 /* SceneDelegate.swift in Sources */ = {isa = PBXBuildFile; fileRef = AD80400625FC97DC004EAD31 /* SceneDelegate.swift */; };
		AD80400F25FC97DC004EAD31 /* cft_notes.xcdatamodeld in Sources */ = {isa = PBXBuildFile; fileRef = AD80400D25FC97DC004EAD31 /* cft_notes.xcdatamodeld */; };
		AD80401125FC97DF004EAD31 /* Assets.xcassets in Resources */ = {isa = PBXBuildFile; fileRef = AD80401025FC97DF004EAD31 /* Assets.xcassets */; };
		AD80401425FC97DF004EAD31 /* LaunchScreen.storyboard in Resources */ = {isa = PBXBuildFile; fileRef = AD80401225FC97DF004EAD31 /* LaunchScreen.storyboard */; };
		AD80401F25FCA3B2004EAD31 /* NoteListController.swift in Sources */ = {isa = PBXBuildFile; fileRef = AD80401E25FCA3B2004EAD31 /* NoteListController.swift */; };
		AD80402825FCA81E004EAD31 /* NoteCell.swift in Sources */ = {isa = PBXBuildFile; fileRef = AD80402725FCA81E004EAD31 /* NoteCell.swift */; };
		AD80402D25FCA942004EAD31 /* UIView+Layout.swift in Sources */ = {isa = PBXBuildFile; fileRef = AD80402C25FCA942004EAD31 /* UIView+Layout.swift */; };
		AD80403625FCB817004EAD31 /* MainVC.swift in Sources */ = {isa = PBXBuildFile; fileRef = AD80403525FCB817004EAD31 /* MainVC.swift */; };
		AD80403925FCC958004EAD31 /* DetailNoteVC.swift in Sources */ = {isa = PBXBuildFile; fileRef = AD80403825FCC958004EAD31 /* DetailNoteVC.swift */; };
		AD960FEB2603B620002F4C57 /* Notes+CoreDataClass.swift in Sources */ = {isa = PBXBuildFile; fileRef = AD960FE92603B620002F4C57 /* Notes+CoreDataClass.swift */; };
		AD960FEC2603B620002F4C57 /* Notes+CoreDataProperties.swift in Sources */ = {isa = PBXBuildFile; fileRef = AD960FEA2603B620002F4C57 /* Notes+CoreDataProperties.swift */; };
/* End PBXBuildFile section */

/* Begin PBXFileReference section */
		AD80400125FC97DC004EAD31 /* cft_notes.app */ = {isa = PBXFileReference; explicitFileType = wrapper.application; includeInIndex = 0; path = cft_notes.app; sourceTree = BUILT_PRODUCTS_DIR; };
		AD80400425FC97DC004EAD31 /* AppDelegate.swift */ = {isa = PBXFileReference; lastKnownFileType = sourcecode.swift; path = AppDelegate.swift; sourceTree = "<group>"; };
		AD80400625FC97DC004EAD31 /* SceneDelegate.swift */ = {isa = PBXFileReference; lastKnownFileType = sourcecode.swift; path = SceneDelegate.swift; sourceTree = "<group>"; };
		AD80400E25FC97DC004EAD31 /* cft_notes.xcdatamodel */ = {isa = PBXFileReference; lastKnownFileType = wrapper.xcdatamodel; path = cft_notes.xcdatamodel; sourceTree = "<group>"; };
		AD80401025FC97DF004EAD31 /* Assets.xcassets */ = {isa = PBXFileReference; lastKnownFileType = folder.assetcatalog; path = Assets.xcassets; sourceTree = "<group>"; };
		AD80401325FC97DF004EAD31 /* Base */ = {isa = PBXFileReference; lastKnownFileType = file.storyboard; name = Base; path = Base.lproj/LaunchScreen.storyboard; sourceTree = "<group>"; };
		AD80401525FC97DF004EAD31 /* Info.plist */ = {isa = PBXFileReference; lastKnownFileType = text.plist.xml; path = Info.plist; sourceTree = "<group>"; };
		AD80401E25FCA3B2004EAD31 /* NoteListController.swift */ = {isa = PBXFileReference; lastKnownFileType = sourcecode.swift; path = NoteListController.swift; sourceTree = "<group>"; };
		AD80402725FCA81E004EAD31 /* NoteCell.swift */ = {isa = PBXFileReference; lastKnownFileType = sourcecode.swift; path = NoteCell.swift; sourceTree = "<group>"; };
		AD80402C25FCA942004EAD31 /* UIView+Layout.swift */ = {isa = PBXFileReference; lastKnownFileType = sourcecode.swift; path = "UIView+Layout.swift"; sourceTree = "<group>"; };
		AD80403525FCB817004EAD31 /* MainVC.swift */ = {isa = PBXFileReference; lastKnownFileType = sourcecode.swift; path = MainVC.swift; sourceTree = "<group>"; };
		AD80403825FCC958004EAD31 /* DetailNoteVC.swift */ = {isa = PBXFileReference; lastKnownFileType = sourcecode.swift; path = DetailNoteVC.swift; sourceTree = "<group>"; };
		AD960FE92603B620002F4C57 /* Notes+CoreDataClass.swift */ = {isa = PBXFileReference; lastKnownFileType = sourcecode.swift; path = "Notes+CoreDataClass.swift"; sourceTree = "<group>"; };
		AD960FEA2603B620002F4C57 /* Notes+CoreDataProperties.swift */ = {isa = PBXFileReference; lastKnownFileType = sourcecode.swift; path = "Notes+CoreDataProperties.swift"; sourceTree = "<group>"; };
/* End PBXFileReference section */

/* Begin PBXFrameworksBuildPhase section */
		AD803FFE25FC97DC004EAD31 /* Frameworks */ = {
			isa = PBXFrameworksBuildPhase;
			buildActionMask = 2147483647;
			files = (
			);
			runOnlyForDeploymentPostprocessing = 0;
		};
/* End PBXFrameworksBuildPhase section */

/* Begin PBXGroup section */
		AD803FF825FC97DC004EAD31 = {
			isa = PBXGroup;
			children = (
				AD80400325FC97DC004EAD31 /* cft_notes */,
				AD80400225FC97DC004EAD31 /* Products */,
			);
			sourceTree = "<group>";
		};
		AD80400225FC97DC004EAD31 /* Products */ = {
			isa = PBXGroup;
			children = (
				AD80400125FC97DC004EAD31 /* cft_notes.app */,
			);
			name = Products;
			sourceTree = "<group>";
		};
		AD80400325FC97DC004EAD31 /* cft_notes */ = {
			isa = PBXGroup;
			children = (
				AD80400425FC97DC004EAD31 /* AppDelegate.swift */,
				AD80400625FC97DC004EAD31 /* SceneDelegate.swift */,
				AD80403525FCB817004EAD31 /* MainVC.swift */,
				AD80403025FCA947004EAD31 /* Helpers */,
				AD80404325FCDA05004EAD31 /* Model */,
				AD80402A25FCA829004EAD31 /* View */,
				AD80402125FCA3EA004EAD31 /* Controller */,
				AD80401025FC97DF004EAD31 /* Assets.xcassets */,
				AD80401225FC97DF004EAD31 /* LaunchScreen.storyboard */,
				AD80401525FC97DF004EAD31 /* Info.plist */,
				AD80400D25FC97DC004EAD31 /* cft_notes.xcdatamodeld */,
			);
			path = cft_notes;
			sourceTree = "<group>";
		};
		AD80402125FCA3EA004EAD31 /* Controller */ = {
			isa = PBXGroup;
			children = (
				AD80401E25FCA3B2004EAD31 /* NoteListController.swift */,
				AD80404B25FD00DC004EAD31 /* DetailNote */,
			);
			path = Controller;
			sourceTree = "<group>";
		};
		AD80402A25FCA829004EAD31 /* View */ = {
			isa = PBXGroup;
			children = (
				AD80402725FCA81E004EAD31 /* NoteCell.swift */,
			);
			path = View;
			sourceTree = "<group>";
		};
		AD80403025FCA947004EAD31 /* Helpers */ = {
			isa = PBXGroup;
			children = (
				AD80402C25FCA942004EAD31 /* UIView+Layout.swift */,
			);
			path = Helpers;
			sourceTree = "<group>";
		};
		AD80404325FCDA05004EAD31 /* Model */ = {
			isa = PBXGroup;
			children = (
				AD960FE92603B620002F4C57 /* Notes+CoreDataClass.swift */,
				AD960FEA2603B620002F4C57 /* Notes+CoreDataProperties.swift */,
			);
			path = Model;
			sourceTree = "<group>";
		};
		AD80404B25FD00DC004EAD31 /* DetailNote */ = {
			isa = PBXGroup;
			children = (
				AD80403825FCC958004EAD31 /* DetailNoteVC.swift */,
			);
			path = DetailNote;
			sourceTree = "<group>";
		};
/* End PBXGroup section */

/* Begin PBXNativeTarget section */
		AD80400025FC97DC004EAD31 /* cft_notes */ = {
			isa = PBXNativeTarget;
			buildConfigurationList = AD80401825FC97DF004EAD31 /* Build configuration list for PBXNativeTarget "cft_notes" */;
			buildPhases = (
				AD803FFD25FC97DC004EAD31 /* Sources */,
				AD803FFE25FC97DC004EAD31 /* Frameworks */,
				AD803FFF25FC97DC004EAD31 /* Resources */,
			);
			buildRules = (
			);
			dependencies = (
			);
			name = cft_notes;
			productName = cft_notes;
			productReference = AD80400125FC97DC004EAD31 /* cft_notes.app */;
			productType = "com.apple.product-type.application";
		};
/* End PBXNativeTarget section */

/* Begin PBXProject section */
		AD803FF925FC97DC004EAD31 /* Project object */ = {
			isa = PBXProject;
			attributes = {
				LastSwiftUpdateCheck = 1240;
				LastUpgradeCheck = 1240;
				TargetAttributes = {
					AD80400025FC97DC004EAD31 = {
						CreatedOnToolsVersion = 12.4;
					};
				};
			};
			buildConfigurationList = AD803FFC25FC97DC004EAD31 /* Build configuration list for PBXProject "cft_notes" */;
			compatibilityVersion = "Xcode 9.3";
			developmentRegion = en;
			hasScannedForEncodings = 0;
			knownRegions = (
				en,
				Base,
			);
			mainGroup = AD803FF825FC97DC004EAD31;
			productRefGroup = AD80400225FC97DC004EAD31 /* Products */;
			projectDirPath = "";
			projectRoot = "";
			targets = (
				AD80400025FC97DC004EAD31 /* cft_notes */,
			);
		};
/* End PBXProject section */

/* Begin PBXResourcesBuildPhase section */
		AD803FFF25FC97DC004EAD31 /* Resources */ = {
			isa = PBXResourcesBuildPhase;
			buildActionMask = 2147483647;
			files = (
				AD80401425FC97DF004EAD31 /* LaunchScreen.storyboard in Resources */,
				AD80401125FC97DF004EAD31 /* Assets.xcassets in Resources */,
			);
			runOnlyForDeploymentPostprocessing = 0;
		};
/* End PBXResourcesBuildPhase section */

/* Begin PBXSourcesBuildPhase section */
		AD803FFD25FC97DC004EAD31 /* Sources */ = {
			isa = PBXSourcesBuildPhase;
			buildActionMask = 2147483647;
			files = (
				AD80400525FC97DC004EAD31 /* AppDelegate.swift in Sources */,
				AD80401F25FCA3B2004EAD31 /* NoteListController.swift in Sources */,
				AD80402D25FCA942004EAD31 /* UIView+Layout.swift in Sources */,
				AD80402825FCA81E004EAD31 /* NoteCell.swift in Sources */,
				AD960FEB2603B620002F4C57 /* Notes+CoreDataClass.swift in Sources */,
				AD80400725FC97DC004EAD31 /* SceneDelegate.swift in Sources */,
				AD80400F25FC97DC004EAD31 /* cft_notes.xcdatamodeld in Sources */,
				AD80403925FCC958004EAD31 /* DetailNoteVC.swift in Sources */,
				AD80403625FCB817004EAD31 /* MainVC.swift in Sources */,
				AD960FEC2603B620002F4C57 /* Notes+CoreDataProperties.swift in Sources */,
			);
			runOnlyForDeploymentPostprocessing = 0;
		};
/* End PBXSourcesBuildPhase section */

/* Begin PBXVariantGroup section */
		AD80401225FC97DF004EAD31 /* LaunchScreen.storyboard */ = {
			isa = PBXVariantGroup;
			children = (
				AD80401325FC97DF004EAD31 /* Base */,
			);
			name = LaunchScreen.storyboard;
			sourceTree = "<group>";
		};
/* End PBXVariantGroup section */

/* Begin XCBuildConfiguration section */
		AD80401625FC97DF004EAD31 /* Debug */ = {
			isa = XCBuildConfiguration;
			buildSettings = {
				ALWAYS_SEARCH_USER_PATHS = NO;
				CLANG_ANALYZER_NONNULL = YES;
				CLANG_ANALYZER_NUMBER_OBJECT_CONVERSION = YES_AGGRESSIVE;
				CLANG_CXX_LANGUAGE_STANDARD = "gnu++14";
				CLANG_CXX_LIBRARY = "libc++";
				CLANG_ENABLE_MODULES = YES;
				CLANG_ENABLE_OBJC_ARC = YES;
				CLANG_ENABLE_OBJC_WEAK = YES;
				CLANG_WARN_BLOCK_CAPTURE_AUTORELEASING = YES;
				CLANG_WARN_BOOL_CONVERSION = YES;
				CLANG_WARN_COMMA = YES;
				CLANG_WARN_CONSTANT_CONVERSION = YES;
				CLANG_WARN_DEPRECATED_OBJC_IMPLEMENTATIONS = YES;
				CLANG_WARN_DIRECT_OBJC_ISA_USAGE = YES_ERROR;
				CLANG_WARN_DOCUMENTATION_COMMENTS = YES;
				CLANG_WARN_EMPTY_BODY = YES;
				CLANG_WARN_ENUM_CONVERSION = YES;
				CLANG_WARN_INFINITE_RECURSION = YES;
				CLANG_WARN_INT_CONVERSION = YES;
				CLANG_WARN_NON_LITERAL_NULL_CONVERSION = YES;
				CLANG_WARN_OBJC_IMPLICIT_RETAIN_SELF = YES;
				CLANG_WARN_OBJC_LITERAL_CONVERSION = YES;
				CLANG_WARN_OBJC_ROOT_CLASS = YES_ERROR;
				CLANG_WARN_QUOTED_INCLUDE_IN_FRAMEWORK_HEADER = YES;
				CLANG_WARN_RANGE_LOOP_ANALYSIS = YES;
				CLANG_WARN_STRICT_PROTOTYPES = YES;
				CLANG_WARN_SUSPICIOUS_MOVE = YES;
				CLANG_WARN_UNGUARDED_AVAILABILITY = YES_AGGRESSIVE;
				CLANG_WARN_UNREACHABLE_CODE = YES;
				CLANG_WARN__DUPLICATE_METHOD_MATCH = YES;
				COPY_PHASE_STRIP = NO;
				DEBUG_INFORMATION_FORMAT = dwarf;
				ENABLE_STRICT_OBJC_MSGSEND = YES;
				ENABLE_TESTABILITY = YES;
				GCC_C_LANGUAGE_STANDARD = gnu11;
				GCC_DYNAMIC_NO_PIC = NO;
				GCC_NO_COMMON_BLOCKS = YES;
				GCC_OPTIMIZATION_LEVEL = 0;
				GCC_PREPROCESSOR_DEFINITIONS = (
					"DEBUG=1",
					"$(inherited)",
				);
				GCC_WARN_64_TO_32_BIT_CONVERSION = YES;
				GCC_WARN_ABOUT_RETURN_TYPE = YES_ERROR;
				GCC_WARN_UNDECLARED_SELECTOR = YES;
				GCC_WARN_UNINITIALIZED_AUTOS = YES_AGGRESSIVE;
				GCC_WARN_UNUSED_FUNCTION = YES;
				GCC_WARN_UNUSED_VARIABLE = YES;
				IPHONEOS_DEPLOYMENT_TARGET = 14.4;
				MTL_ENABLE_DEBUG_INFO = INCLUDE_SOURCE;
				MTL_FAST_MATH = YES;
				ONLY_ACTIVE_ARCH = YES;
				SDKROOT = iphoneos;
				SWIFT_ACTIVE_COMPILATION_CONDITIONS = DEBUG;
				SWIFT_OPTIMIZATION_LEVEL = "-Onone";
			};
			name = Debug;
		};
		AD80401725FC97DF004EAD31 /* Release */ = {
			isa = XCBuildConfiguration;
			buildSettings = {
				ALWAYS_SEARCH_USER_PATHS = NO;
				CLANG_ANALYZER_NONNULL = YES;
				CLANG_ANALYZER_NUMBER_OBJECT_CONVERSION = YES_AGGRESSIVE;
				CLANG_CXX_LANGUAGE_STANDARD = "gnu++14";
				CLANG_CXX_LIBRARY = "libc++";
				CLANG_ENABLE_MODULES = YES;
				CLANG_ENABLE_OBJC_ARC = YES;
				CLANG_ENABLE_OBJC_WEAK = YES;
				CLANG_WARN_BLOCK_CAPTURE_AUTORELEASING = YES;
				CLANG_WARN_BOOL_CONVERSION = YES;
				CLANG_WARN_COMMA = YES;
				CLANG_WARN_CONSTANT_CONVERSION = YES;
				CLANG_WARN_DEPRECATED_OBJC_IMPLEMENTATIONS = YES;
				CLANG_WARN_DIRECT_OBJC_ISA_USAGE = YES_ERROR;
				CLANG_WARN_DOCUMENTATION_COMMENTS = YES;
				CLANG_WARN_EMPTY_BODY = YES;
				CLANG_WARN_ENUM_CONVERSION = YES;
				CLANG_WARN_INFINITE_RECURSION = YES;
				CLANG_WARN_INT_CONVERSION = YES;
				CLANG_WARN_NON_LITERAL_NULL_CONVERSION = YES;
				CLANG_WARN_OBJC_IMPLICIT_RETAIN_SELF = YES;
				CLANG_WARN_OBJC_LITERAL_CONVERSION = YES;
				CLANG_WARN_OBJC_ROOT_CLASS = YES_ERROR;
				CLANG_WARN_QUOTED_INCLUDE_IN_FRAMEWORK_HEADER = YES;
				CLANG_WARN_RANGE_LOOP_ANALYSIS = YES;
				CLANG_WARN_STRICT_PROTOTYPES = YES;
				CLANG_WARN_SUSPICIOUS_MOVE = YES;
				CLANG_WARN_UNGUARDED_AVAILABILITY = YES_AGGRESSIVE;
				CLANG_WARN_UNREACHABLE_CODE = YES;
				CLANG_WARN__DUPLICATE_METHOD_MATCH = YES;
				COPY_PHASE_STRIP = NO;
				DEBUG_INFORMATION_FORMAT = "dwarf-with-dsym";
				ENABLE_NS_ASSERTIONS = NO;
				ENABLE_STRICT_OBJC_MSGSEND = YES;
				GCC_C_LANGUAGE_STANDARD = gnu11;
				GCC_NO_COMMON_BLOCKS = YES;
				GCC_WARN_64_TO_32_BIT_CONVERSION = YES;
				GCC_WARN_ABOUT_RETURN_TYPE = YES_ERROR;
				GCC_WARN_UNDECLARED_SELECTOR = YES;
				GCC_WARN_UNINITIALIZED_AUTOS = YES_AGGRESSIVE;
				GCC_WARN_UNUSED_FUNCTION = YES;
				GCC_WARN_UNUSED_VARIABLE = YES;
				IPHONEOS_DEPLOYMENT_TARGET = 14.4;
				MTL_ENABLE_DEBUG_INFO = NO;
				MTL_FAST_MATH = YES;
				SDKROOT = iphoneos;
				SWIFT_COMPILATION_MODE = wholemodule;
				SWIFT_OPTIMIZATION_LEVEL = "-O";
				VALIDATE_PRODUCT = YES;
			};
			name = Release;
		};
		AD80401925FC97DF004EAD31 /* Debug */ = {
			isa = XCBuildConfiguration;
			buildSettings = {
				ASSETCATALOG_COMPILER_APPICON_NAME = AppIcon;
				ASSETCATALOG_COMPILER_GLOBAL_ACCENT_COLOR_NAME = AccentColor;
				CODE_SIGN_STYLE = Automatic;
				DEVELOPMENT_TEAM = J4B53B6TAD;
				INFOPLIST_FILE = cft_notes/Info.plist;
				LD_RUNPATH_SEARCH_PATHS = (
					"$(inherited)",
					"@executable_path/Frameworks",
				);
				PRODUCT_BUNDLE_IDENTIFIER = "ru.zakirovweb.cft-notes";
				PRODUCT_NAME = "$(TARGET_NAME)";
				SWIFT_VERSION = 5.0;
				TARGETED_DEVICE_FAMILY = "1,2";
			};
			name = Debug;
		};
		AD80401A25FC97DF004EAD31 /* Release */ = {
			isa = XCBuildConfiguration;
			buildSettings = {
				ASSETCATALOG_COMPILER_APPICON_NAME = AppIcon;
				ASSETCATALOG_COMPILER_GLOBAL_ACCENT_COLOR_NAME = AccentColor;
				CODE_SIGN_STYLE = Automatic;
				DEVELOPMENT_TEAM = J4B53B6TAD;
				INFOPLIST_FILE = cft_notes/Info.plist;
				LD_RUNPATH_SEARCH_PATHS = (
					"$(inherited)",
					"@executable_path/Frameworks",
				);
				PRODUCT_BUNDLE_IDENTIFIER = "ru.zakirovweb.cft-notes";
				PRODUCT_NAME = "$(TARGET_NAME)";
				SWIFT_VERSION = 5.0;
				TARGETED_DEVICE_FAMILY = "1,2";
			};
			name = Release;
		};
/* End XCBuildConfiguration section */

/* Begin XCConfigurationList section */
		AD803FFC25FC97DC004EAD31 /* Build configuration list for PBXProject "cft_notes" */ = {
			isa = XCConfigurationList;
			buildConfigurations = (
				AD80401625FC97DF004EAD31 /* Debug */,
				AD80401725FC97DF004EAD31 /* Release */,
			);
			defaultConfigurationIsVisible = 0;
			defaultConfigurationName = Release;
		};
		AD80401825FC97DF004EAD31 /* Build configuration list for PBXNativeTarget "cft_notes" */ = {
			isa = XCConfigurationList;
			buildConfigurations = (
				AD80401925FC97DF004EAD31 /* Debug */,
				AD80401A25FC97DF004EAD31 /* Release */,
			);
			defaultConfigurationIsVisible = 0;
			defaultConfigurationName = Release;
		};
/* End XCConfigurationList section */

/* Begin XCVersionGroup section */
		AD80400D25FC97DC004EAD31 /* cft_notes.xcdatamodeld */ = {
			isa = XCVersionGroup;
			children = (
				AD80400E25FC97DC004EAD31 /* cft_notes.xcdatamodel */,
			);
			currentVersion = AD80400E25FC97DC004EAD31 /* cft_notes.xcdatamodel */;
			path = cft_notes.xcdatamodeld;
			sourceTree = "<group>";
			versionGroupType = wrapper.xcdatamodel;
		};
/* End XCVersionGroup section */
	};
	rootObject = AD803FF925FC97DC004EAD31 /* Project object */;
}
